
Microsoft Visual Studio Solution File, Format Version 12.00
# Visual Studio Version 16
VisualStudioVersion = 16.0.29613.14
MinimumVisualStudioVersion = 10.0.40219.1
Project("{FAE04EC0-301F-11D3-BF4B-00C04F79EFBC}") = "wordSplit", "wordSplit\wordSplit.csproj", "{8BFAEF6B-996B-43B5-8018-3A3E6DE1FB96}"
EndProject
Global
	GlobalSection(SolutionConfigurationPlatforms) = preSolution
		Debug|Any CPU = Debug|Any CPU
		Release|Any CPU = Release|Any CPU
	EndGlobalSection
	GlobalSection(ProjectConfigurationPlatforms) = postSolution
		{8BFAEF6B-996B-43B5-8018-3A3E6DE1FB96}.Debug|Any CPU.ActiveCfg = Debug|Any CPU
		{8BFAEF6B-996B-43B5-8018-3A3E6DE1FB96}.Debug|Any CPU.Build.0 = Debug|Any CPU
		{8BFAEF6B-996B-43B5-8018-3A3E6DE1FB96}.Release|Any CPU.ActiveCfg = Release|Any CPU
		{8BFAEF6B-996B-43B5-8018-3A3E6DE1FB96}.Release|Any CPU.Build.0 = Release|Any CPU
	EndGlobalSection
	GlobalSection(SolutionProperties) = preSolution
		HideSolutionNode = FALSE
	EndGlobalSection
	GlobalSection(ExtensibilityGlobals) = postSolution
		SolutionGuid = {FDF73558-AB9B-445F-A375-9E62ABA096FC}
	EndGlobalSection
EndGlobal
